
Microsoft Visual Studio Solution File, Format Version 12.00
# Visual Studio 15
VisualStudioVersion = 15.0.28307.168
MinimumVisualStudioVersion = 10.0.40219.1
Project("{8BC9CEB8-8B4A-11D0-8D11-00A0C91BC942}") = "Game", "Game\Game.vcxproj", "{DAB6614E-524B-4EAF-8F54-3DA8505D5FF3}"
EndProject
Global
	GlobalSection(SolutionConfigurationPlatforms) = preSolution
		Debug|x64 = Debug|x64
		Debug|x86 = Debug|x86
		Release|x64 = Release|x64
		Release|x86 = Release|x86
	EndGlobalSection
	GlobalSection(ProjectConfigurationPlatforms) = postSolution
		{DAB6614E-524B-4EAF-8F54-3DA8505D5FF3}.Debug|x64.ActiveCfg = Debug|x64
		{DAB6614E-524B-4EAF-8F54-3DA8505D5FF3}.Debug|x64.Build.0 = Debug|x64
		{DAB6614E-524B-4EAF-8F54-3DA8505D5FF3}.Debug|x86.ActiveCfg = Debug|Win32
		{DAB6614E-524B-4EAF-8F54-3DA8505D5FF3}.Debug|x86.Build.0 = Debug|Win32
		{DAB6614E-524B-4EAF-8F54-3DA8505D5FF3}.Release|x64.ActiveCfg = Release|x64
		{DAB6614E-524B-4EAF-8F54-3DA8505D5FF3}.Release|x64.Build.0 = Release|x64
		{DAB6614E-524B-4EAF-8F54-3DA8505D5FF3}.Release|x86.ActiveCfg = Release|Win32
		{DAB6614E-524B-4EAF-8F54-3DA8505D5FF3}.Release|x86.Build.0 = Release|Win32
	EndGlobalSection
	GlobalSection(SolutionProperties) = preSolution
		HideSolutionNode = FALSE
	EndGlobalSection
	GlobalSection(ExtensibilityGlobals) = postSolution
		SolutionGuid = {47F976DE-6C75-4E40-89F2-A3C90B98AB46}
	EndGlobalSection
EndGlobal
